
Microsoft Visual Studio Solution File, Format Version 12.00
# Visual Studio Version 17
VisualStudioVersion = 17.1.32328.378
MinimumVisualStudioVersion = 10.0.40219.1
Project("{9A19103F-16F7-4668-BE54-9A1E7A4F7556}") = "CashRegisterApp", "CashRegisterApp\CashRegisterApp.csproj", "{A549C127-7EE1-4645-8083-34CEDCC34B7C}"
EndProject
Project("{2150E333-8FDC-42A3-9474-1A3956D46DE8}") = "Domain", "Domain", "{54DE19A7-270F-4C8A-B8F4-1B7E7022261B}"
EndProject
Project("{2150E333-8FDC-42A3-9474-1A3956D46DE8}") = "ApplicationLayer", "ApplicationLayer", "{BAB612E9-1380-4D0A-97F6-CD7849ACDD59}"
EndProject
Project("{2150E333-8FDC-42A3-9474-1A3956D46DE8}") = "InfrastructureData", "InfrastructureData", "{6A68B14C-7FC3-42F0-81E2-44288F33B838}"
EndProject
Project("{2150E333-8FDC-42A3-9474-1A3956D46DE8}") = "InversionOfControl", "InversionOfControl", "{EE4F01F8-FAE4-44AC-B3B4-F319D76CE75B}"
EndProject
Project("{2150E333-8FDC-42A3-9474-1A3956D46DE8}") = "DomainCore", "DomainCore", "{B4FFA891-2C72-412E-A409-64A1062CAF91}"
EndProject
Project("{2150E333-8FDC-42A3-9474-1A3956D46DE8}") = "InfraBus", "InfraBus", "{E660A05F-74E7-479A-BEF8-CEC3CA76BF31}"
EndProject
Project("{9A19103F-16F7-4668-BE54-9A1E7A4F7556}") = "ApplicationLayer", "ApplicationLayer\ApplicationLayer.csproj", "{122C255C-1C71-4B17-BB8A-5C7D91FF1C81}"
EndProject
Project("{9A19103F-16F7-4668-BE54-9A1E7A4F7556}") = "Domain", "Domain\Domain.csproj", "{A89CA36F-7A16-4395-8E3D-ED514C4C5B1A}"
EndProject
Project("{9A19103F-16F7-4668-BE54-9A1E7A4F7556}") = "DomainCore", "DomainCore\DomainCore.csproj", "{B2052865-4964-4C19-94CD-6F343A814B67}"
EndProject
Project("{9A19103F-16F7-4668-BE54-9A1E7A4F7556}") = "InfraBus", "InfraBus\InfraBus.csproj", "{408916E3-24E0-4758-A0F6-F3F2C42AEEA3}"
EndProject
Project("{9A19103F-16F7-4668-BE54-9A1E7A4F7556}") = "InfrastructureData", "InfrastructureData\InfrastructureData.csproj", "{235A7258-3F39-4594-9B91-00774FAEAA68}"
EndProject
Project("{9A19103F-16F7-4668-BE54-9A1E7A4F7556}") = "InversionOfControl", "InversionOfControl\InversionOfControl.csproj", "{DEFDC303-9BB5-4D0C-A1AF-0CC719DB9F56}"
EndProject
Global
	GlobalSection(SolutionConfigurationPlatforms) = preSolution
		Debug|Any CPU = Debug|Any CPU
		Release|Any CPU = Release|Any CPU
	EndGlobalSection
	GlobalSection(ProjectConfigurationPlatforms) = postSolution
		{A549C127-7EE1-4645-8083-34CEDCC34B7C}.Debug|Any CPU.ActiveCfg = Debug|Any CPU
		{A549C127-7EE1-4645-8083-34CEDCC34B7C}.Debug|Any CPU.Build.0 = Debug|Any CPU
		{A549C127-7EE1-4645-8083-34CEDCC34B7C}.Release|Any CPU.ActiveCfg = Release|Any CPU
		{A549C127-7EE1-4645-8083-34CEDCC34B7C}.Release|Any CPU.Build.0 = Release|Any CPU
		{122C255C-1C71-4B17-BB8A-5C7D91FF1C81}.Debug|Any CPU.ActiveCfg = Debug|Any CPU
		{122C255C-1C71-4B17-BB8A-5C7D91FF1C81}.Debug|Any CPU.Build.0 = Debug|Any CPU
		{122C255C-1C71-4B17-BB8A-5C7D91FF1C81}.Release|Any CPU.ActiveCfg = Release|Any CPU
		{122C255C-1C71-4B17-BB8A-5C7D91FF1C81}.Release|Any CPU.Build.0 = Release|Any CPU
		{A89CA36F-7A16-4395-8E3D-ED514C4C5B1A}.Debug|Any CPU.ActiveCfg = Debug|Any CPU
		{A89CA36F-7A16-4395-8E3D-ED514C4C5B1A}.Debug|Any CPU.Build.0 = Debug|Any CPU
		{A89CA36F-7A16-4395-8E3D-ED514C4C5B1A}.Release|Any CPU.ActiveCfg = Release|Any CPU
		{A89CA36F-7A16-4395-8E3D-ED514C4C5B1A}.Release|Any CPU.Build.0 = Release|Any CPU
		{B2052865-4964-4C19-94CD-6F343A814B67}.Debug|Any CPU.ActiveCfg = Debug|Any CPU
		{B2052865-4964-4C19-94CD-6F343A814B67}.Debug|Any CPU.Build.0 = Debug|Any CPU
		{B2052865-4964-4C19-94CD-6F343A814B67}.Release|Any CPU.ActiveCfg = Release|Any CPU
		{B2052865-4964-4C19-94CD-6F343A814B67}.Release|Any CPU.Build.0 = Release|Any CPU
		{408916E3-24E0-4758-A0F6-F3F2C42AEEA3}.Debug|Any CPU.ActiveCfg = Debug|Any CPU
		{408916E3-24E0-4758-A0F6-F3F2C42AEEA3}.Debug|Any CPU.Build.0 = Debug|Any CPU
		{408916E3-24E0-4758-A0F6-F3F2C42AEEA3}.Release|Any CPU.ActiveCfg = Release|Any CPU
		{408916E3-24E0-4758-A0F6-F3F2C42AEEA3}.Release|Any CPU.Build.0 = Release|Any CPU
		{235A7258-3F39-4594-9B91-00774FAEAA68}.Debug|Any CPU.ActiveCfg = Debug|Any CPU
		{235A7258-3F39-4594-9B91-00774FAEAA68}.Debug|Any CPU.Build.0 = Debug|Any CPU
		{235A7258-3F39-4594-9B91-00774FAEAA68}.Release|Any CPU.ActiveCfg = Release|Any CPU
		{235A7258-3F39-4594-9B91-00774FAEAA68}.Release|Any CPU.Build.0 = Release|Any CPU
		{DEFDC303-9BB5-4D0C-A1AF-0CC719DB9F56}.Debug|Any CPU.ActiveCfg = Debug|Any CPU
		{DEFDC303-9BB5-4D0C-A1AF-0CC719DB9F56}.Debug|Any CPU.Build.0 = Debug|Any CPU
		{DEFDC303-9BB5-4D0C-A1AF-0CC719DB9F56}.Release|Any CPU.ActiveCfg = Release|Any CPU
		{DEFDC303-9BB5-4D0C-A1AF-0CC719DB9F56}.Release|Any CPU.Build.0 = Release|Any CPU
	EndGlobalSection
	GlobalSection(SolutionProperties) = preSolution
		HideSolutionNode = FALSE
	EndGlobalSection
	GlobalSection(NestedProjects) = preSolution
		{122C255C-1C71-4B17-BB8A-5C7D91FF1C81} = {BAB612E9-1380-4D0A-97F6-CD7849ACDD59}
		{A89CA36F-7A16-4395-8E3D-ED514C4C5B1A} = {54DE19A7-270F-4C8A-B8F4-1B7E7022261B}
		{B2052865-4964-4C19-94CD-6F343A814B67} = {B4FFA891-2C72-412E-A409-64A1062CAF91}
		{408916E3-24E0-4758-A0F6-F3F2C42AEEA3} = {E660A05F-74E7-479A-BEF8-CEC3CA76BF31}
		{235A7258-3F39-4594-9B91-00774FAEAA68} = {6A68B14C-7FC3-42F0-81E2-44288F33B838}
		{DEFDC303-9BB5-4D0C-A1AF-0CC719DB9F56} = {EE4F01F8-FAE4-44AC-B3B4-F319D76CE75B}
	EndGlobalSection
	GlobalSection(ExtensibilityGlobals) = postSolution
		SolutionGuid = {B9A827F4-4B1F-4E6E-B68F-BEFEFE7DA97A}
	EndGlobalSection
EndGlobal
